// !$*UTF8*$!
{
	archiveVersion = 1;
	classes = {
	};
	objectVersion = 56;
	objects = {

/* Begin PBXBuildFile section */
		1A1209322C35D59300FDC9BE /* AppDelegate.swift in Sources */ = {isa = PBXBuildFile; fileRef = 1A1209312C35D59300FDC9BE /* AppDelegate.swift */; };
		1A1209342C35D59300FDC9BE /* SceneDelegate.swift in Sources */ = {isa = PBXBuildFile; fileRef = 1A1209332C35D59300FDC9BE /* SceneDelegate.swift */; };
		1A12093B2C35D59500FDC9BE /* Assets.xcassets in Resources */ = {isa = PBXBuildFile; fileRef = 1A12093A2C35D59500FDC9BE /* Assets.xcassets */; };
		1A12093E2C35D59500FDC9BE /* Base in Resources */ = {isa = PBXBuildFile; fileRef = 1A12093D2C35D59500FDC9BE /* Base */; };
		1A6FE1952C3B380300F6D5B4 /* SharedLogic.swift in Sources */ = {isa = PBXBuildFile; fileRef = 1A6FE1942C3B380300F6D5B4 /* SharedLogic.swift */; };
		1A6FE19A2C3B3DB100F6D5B4 /* CustomButton.swift in Sources */ = {isa = PBXBuildFile; fileRef = 1A6FE1992C3B3DB100F6D5B4 /* CustomButton.swift */; };
		1A6FE19C2C3B3DBB00F6D5B4 /* CustomLabel.swift in Sources */ = {isa = PBXBuildFile; fileRef = 1A6FE19B2C3B3DBB00F6D5B4 /* CustomLabel.swift */; };
		1A6FE19E2C3B3DC000F6D5B4 /* CustomStack.swift in Sources */ = {isa = PBXBuildFile; fileRef = 1A6FE19D2C3B3DC000F6D5B4 /* CustomStack.swift */; };
		1A6FE1A02C3B3DC700F6D5B4 /* CustomTextField.swift in Sources */ = {isa = PBXBuildFile; fileRef = 1A6FE19F2C3B3DC700F6D5B4 /* CustomTextField.swift */; };
		1A6FE1C02C3B52A500F6D5B4 /* CustomTextFieldHandlers.swift in Sources */ = {isa = PBXBuildFile; fileRef = 1A6FE1BF2C3B52A500F6D5B4 /* CustomTextFieldHandlers.swift */; };
		1A6FE1C22C3B53C000F6D5B4 /* CustomLoader.swift in Sources */ = {isa = PBXBuildFile; fileRef = 1A6FE1C12C3B53C000F6D5B4 /* CustomLoader.swift */; };
		1A6FE1F02C3BE6F700F6D5B4 /* TicTacToeGameView.swift in Sources */ = {isa = PBXBuildFile; fileRef = 1A6FE1EF2C3BE6F700F6D5B4 /* TicTacToeGameView.swift */; };
		1A6FE1F22C3BE90300F6D5B4 /* TicTacToeViewModel.swift in Sources */ = {isa = PBXBuildFile; fileRef = 1A6FE1F12C3BE90300F6D5B4 /* TicTacToeViewModel.swift */; };
		1A6FE1F52C3BFBAF00F6D5B4 /* CategoryCell.swift in Sources */ = {isa = PBXBuildFile; fileRef = 1A6FE1F42C3BFBAF00F6D5B4 /* CategoryCell.swift */; };
		1A6FE1F72C3BFBBD00F6D5B4 /* FeaturedProductCell.swift in Sources */ = {isa = PBXBuildFile; fileRef = 1A6FE1F62C3BFBBD00F6D5B4 /* FeaturedProductCell.swift */; };
		1AA5822F2C3D5F2E0081A410 /* FavouriteViewController.swift in Sources */ = {isa = PBXBuildFile; fileRef = 1AA5822E2C3D5F2E0081A410 /* FavouriteViewController.swift */; };
		1AA582312C3D5F440081A410 /* BasketViewController.swift in Sources */ = {isa = PBXBuildFile; fileRef = 1AA582302C3D5F440081A410 /* BasketViewController.swift */; };
		1AA582332C3D5F590081A410 /* ProfileViewController.swift in Sources */ = {isa = PBXBuildFile; fileRef = 1AA582322C3D5F590081A410 /* ProfileViewController.swift */; };
		1AA582352C3D70090081A410 /* CustomImageView.swift in Sources */ = {isa = PBXBuildFile; fileRef = 1AA582342C3D70090081A410 /* CustomImageView.swift */; };
		1AB695FB2C37195300EA6F49 /* FirstOnboardingPageViewController.swift in Sources */ = {isa = PBXBuildFile; fileRef = 1AB695FA2C37195300EA6F49 /* FirstOnboardingPageViewController.swift */; };
		1AB695FD2C37196000EA6F49 /* SecondOnboardingPageViewController.swift in Sources */ = {isa = PBXBuildFile; fileRef = 1AB695FC2C37196000EA6F49 /* SecondOnboardingPageViewController.swift */; };
		1AB695FF2C37196C00EA6F49 /* ThirdOnboardingPageViewController.swift in Sources */ = {isa = PBXBuildFile; fileRef = 1AB695FE2C37196C00EA6F49 /* ThirdOnboardingPageViewController.swift */; };
		1AB696012C38768100EA6F49 /* TermsViewController.swift in Sources */ = {isa = PBXBuildFile; fileRef = 1AB696002C38768100EA6F49 /* TermsViewController.swift */; };
		1AF97DA42C36D02E00C3E55F /* GoogleService-Info.plist in Resources */ = {isa = PBXBuildFile; fileRef = 1AF97DA32C36D02E00C3E55F /* GoogleService-Info.plist */; };
		1AF97DA82C36D11900C3E55F /* FirebaseAnalytics in Frameworks */ = {isa = PBXBuildFile; productRef = 1AF97DA72C36D11900C3E55F /* FirebaseAnalytics */; };
		1AF97DAA2C36D12A00C3E55F /* FirebaseAuth in Frameworks */ = {isa = PBXBuildFile; productRef = 1AF97DA92C36D12A00C3E55F /* FirebaseAuth */; };
		1AF97DAC2C36D1ED00C3E55F /* AppCoordinator.swift in Sources */ = {isa = PBXBuildFile; fileRef = 1AF97DAB2C36D1ED00C3E55F /* AppCoordinator.swift */; };
		1AF97DAE2C36D1FC00C3E55F /* OnboardingViewController.swift in Sources */ = {isa = PBXBuildFile; fileRef = 1AF97DAD2C36D1FC00C3E55F /* OnboardingViewController.swift */; };
		1AF97DB02C36D20700C3E55F /* LoginViewController.swift in Sources */ = {isa = PBXBuildFile; fileRef = 1AF97DAF2C36D20700C3E55F /* LoginViewController.swift */; };
		1AF97DB22C36D21200C3E55F /* MainViewController.swift in Sources */ = {isa = PBXBuildFile; fileRef = 1AF97DB12C36D21200C3E55F /* MainViewController.swift */; };
		1AF97DB82C36D30600C3E55F /* RegisterViewController.swift in Sources */ = {isa = PBXBuildFile; fileRef = 1AF97DB72C36D30600C3E55F /* RegisterViewController.swift */; };
		1AF97DBA2C36D3EC00C3E55F /* FirebaseAnalyticsSwift in Frameworks */ = {isa = PBXBuildFile; productRef = 1AF97DB92C36D3EC00C3E55F /* FirebaseAnalyticsSwift */; };
		1AF97DBF2C36D8C800C3E55F /* UserModel.swift in Sources */ = {isa = PBXBuildFile; fileRef = 1AF97DBE2C36D8C800C3E55F /* UserModel.swift */; };
		1AF97DC22C36D8DA00C3E55F /* AuthViewModel.swift in Sources */ = {isa = PBXBuildFile; fileRef = 1AF97DC12C36D8DA00C3E55F /* AuthViewModel.swift */; };
/* End PBXBuildFile section */

/* Begin PBXFileReference section */
		1A12092E2C35D59300FDC9BE /* AllGoodsApp.app */ = {isa = PBXFileReference; explicitFileType = wrapper.application; includeInIndex = 0; path = AllGoodsApp.app; sourceTree = BUILT_PRODUCTS_DIR; };
		1A1209312C35D59300FDC9BE /* AppDelegate.swift */ = {isa = PBXFileReference; lastKnownFileType = sourcecode.swift; path = AppDelegate.swift; sourceTree = "<group>"; };
		1A1209332C35D59300FDC9BE /* SceneDelegate.swift */ = {isa = PBXFileReference; lastKnownFileType = sourcecode.swift; path = SceneDelegate.swift; sourceTree = "<group>"; };
		1A12093A2C35D59500FDC9BE /* Assets.xcassets */ = {isa = PBXFileReference; lastKnownFileType = folder.assetcatalog; path = Assets.xcassets; sourceTree = "<group>"; };
		1A12093D2C35D59500FDC9BE /* Base */ = {isa = PBXFileReference; lastKnownFileType = file.storyboard; name = Base; path = Base.lproj/LaunchScreen.storyboard; sourceTree = "<group>"; };
		1A12093F2C35D59500FDC9BE /* Info.plist */ = {isa = PBXFileReference; lastKnownFileType = text.plist.xml; path = Info.plist; sourceTree = "<group>"; };
		1A6FE1942C3B380300F6D5B4 /* SharedLogic.swift */ = {isa = PBXFileReference; lastKnownFileType = sourcecode.swift; path = SharedLogic.swift; sourceTree = "<group>"; };
		1A6FE1992C3B3DB100F6D5B4 /* CustomButton.swift */ = {isa = PBXFileReference; lastKnownFileType = sourcecode.swift; path = CustomButton.swift; sourceTree = "<group>"; };
		1A6FE19B2C3B3DBB00F6D5B4 /* CustomLabel.swift */ = {isa = PBXFileReference; lastKnownFileType = sourcecode.swift; path = CustomLabel.swift; sourceTree = "<group>"; };
		1A6FE19D2C3B3DC000F6D5B4 /* CustomStack.swift */ = {isa = PBXFileReference; lastKnownFileType = sourcecode.swift; path = CustomStack.swift; sourceTree = "<group>"; };
		1A6FE19F2C3B3DC700F6D5B4 /* CustomTextField.swift */ = {isa = PBXFileReference; lastKnownFileType = sourcecode.swift; path = CustomTextField.swift; sourceTree = "<group>"; };
		1A6FE1BF2C3B52A500F6D5B4 /* CustomTextFieldHandlers.swift */ = {isa = PBXFileReference; lastKnownFileType = sourcecode.swift; path = CustomTextFieldHandlers.swift; sourceTree = "<group>"; };
		1A6FE1C12C3B53C000F6D5B4 /* CustomLoader.swift */ = {isa = PBXFileReference; lastKnownFileType = sourcecode.swift; path = CustomLoader.swift; sourceTree = "<group>"; };
		1A6FE1EF2C3BE6F700F6D5B4 /* TicTacToeGameView.swift */ = {isa = PBXFileReference; lastKnownFileType = sourcecode.swift; path = TicTacToeGameView.swift; sourceTree = "<group>"; };
		1A6FE1F12C3BE90300F6D5B4 /* TicTacToeViewModel.swift */ = {isa = PBXFileReference; lastKnownFileType = sourcecode.swift; path = TicTacToeViewModel.swift; sourceTree = "<group>"; };
		1A6FE1F42C3BFBAF00F6D5B4 /* CategoryCell.swift */ = {isa = PBXFileReference; lastKnownFileType = sourcecode.swift; path = CategoryCell.swift; sourceTree = "<group>"; };
		1A6FE1F62C3BFBBD00F6D5B4 /* FeaturedProductCell.swift */ = {isa = PBXFileReference; lastKnownFileType = sourcecode.swift; path = FeaturedProductCell.swift; sourceTree = "<group>"; };
		1AA5822E2C3D5F2E0081A410 /* FavouriteViewController.swift */ = {isa = PBXFileReference; lastKnownFileType = sourcecode.swift; path = FavouriteViewController.swift; sourceTree = "<group>"; };
		1AA582302C3D5F440081A410 /* BasketViewController.swift */ = {isa = PBXFileReference; lastKnownFileType = sourcecode.swift; path = BasketViewController.swift; sourceTree = "<group>"; };
		1AA582322C3D5F590081A410 /* ProfileViewController.swift */ = {isa = PBXFileReference; lastKnownFileType = sourcecode.swift; path = ProfileViewController.swift; sourceTree = "<group>"; };
		1AA582342C3D70090081A410 /* CustomImageView.swift */ = {isa = PBXFileReference; lastKnownFileType = sourcecode.swift; path = CustomImageView.swift; sourceTree = "<group>"; };
		1AB695FA2C37195300EA6F49 /* FirstOnboardingPageViewController.swift */ = {isa = PBXFileReference; lastKnownFileType = sourcecode.swift; path = FirstOnboardingPageViewController.swift; sourceTree = "<group>"; };
		1AB695FC2C37196000EA6F49 /* SecondOnboardingPageViewController.swift */ = {isa = PBXFileReference; lastKnownFileType = sourcecode.swift; path = SecondOnboardingPageViewController.swift; sourceTree = "<group>"; };
		1AB695FE2C37196C00EA6F49 /* ThirdOnboardingPageViewController.swift */ = {isa = PBXFileReference; lastKnownFileType = sourcecode.swift; path = ThirdOnboardingPageViewController.swift; sourceTree = "<group>"; };
		1AB696002C38768100EA6F49 /* TermsViewController.swift */ = {isa = PBXFileReference; lastKnownFileType = sourcecode.swift; path = TermsViewController.swift; sourceTree = "<group>"; };
		1AF97DA32C36D02E00C3E55F /* GoogleService-Info.plist */ = {isa = PBXFileReference; fileEncoding = 4; lastKnownFileType = text.plist.xml; path = "GoogleService-Info.plist"; sourceTree = "<group>"; };
		1AF97DAB2C36D1ED00C3E55F /* AppCoordinator.swift */ = {isa = PBXFileReference; lastKnownFileType = sourcecode.swift; path = AppCoordinator.swift; sourceTree = "<group>"; };
		1AF97DAD2C36D1FC00C3E55F /* OnboardingViewController.swift */ = {isa = PBXFileReference; lastKnownFileType = sourcecode.swift; path = OnboardingViewController.swift; sourceTree = "<group>"; };
		1AF97DAF2C36D20700C3E55F /* LoginViewController.swift */ = {isa = PBXFileReference; lastKnownFileType = sourcecode.swift; path = LoginViewController.swift; sourceTree = "<group>"; };
		1AF97DB12C36D21200C3E55F /* MainViewController.swift */ = {isa = PBXFileReference; lastKnownFileType = sourcecode.swift; path = MainViewController.swift; sourceTree = "<group>"; };
		1AF97DB72C36D30600C3E55F /* RegisterViewController.swift */ = {isa = PBXFileReference; lastKnownFileType = sourcecode.swift; path = RegisterViewController.swift; sourceTree = "<group>"; };
		1AF97DBE2C36D8C800C3E55F /* UserModel.swift */ = {isa = PBXFileReference; lastKnownFileType = sourcecode.swift; path = UserModel.swift; sourceTree = "<group>"; };
		1AF97DC12C36D8DA00C3E55F /* AuthViewModel.swift */ = {isa = PBXFileReference; lastKnownFileType = sourcecode.swift; path = AuthViewModel.swift; sourceTree = "<group>"; };
/* End PBXFileReference section */

/* Begin PBXFrameworksBuildPhase section */
		1A12092B2C35D59300FDC9BE /* Frameworks */ = {
			isa = PBXFrameworksBuildPhase;
			buildActionMask = 2147483647;
			files = (
				1AF97DBA2C36D3EC00C3E55F /* FirebaseAnalyticsSwift in Frameworks */,
				1AF97DA82C36D11900C3E55F /* FirebaseAnalytics in Frameworks */,
				1AF97DAA2C36D12A00C3E55F /* FirebaseAuth in Frameworks */,
			);
			runOnlyForDeploymentPostprocessing = 0;
		};
/* End PBXFrameworksBuildPhase section */

/* Begin PBXGroup section */
		1A1209252C35D59300FDC9BE = {
			isa = PBXGroup;
			children = (
				1A1209302C35D59300FDC9BE /* AllGoodsApp */,
				1AF97DBD2C36D8BC00C3E55F /* Model */,
				1AF97DC02C36D8CF00C3E55F /* ViewModel */,
				1AF97DC32C36D8E000C3E55F /* Views */,
				1A6FE1912C3B37EA00F6D5B4 /* ReusableComponents */,
				1A12092F2C35D59300FDC9BE /* Products */,
			);
			sourceTree = "<group>";
		};
		1A12092F2C35D59300FDC9BE /* Products */ = {
			isa = PBXGroup;
			children = (
				1A12092E2C35D59300FDC9BE /* AllGoodsApp.app */,
			);
			name = Products;
			sourceTree = "<group>";
		};
		1A1209302C35D59300FDC9BE /* AllGoodsApp */ = {
			isa = PBXGroup;
			children = (
				1A1209312C35D59300FDC9BE /* AppDelegate.swift */,
				1A1209332C35D59300FDC9BE /* SceneDelegate.swift */,
				1AF97DBC2C36D8AC00C3E55F /* Coordinator */,
				1A12093A2C35D59500FDC9BE /* Assets.xcassets */,
				1A12093C2C35D59500FDC9BE /* LaunchScreen.storyboard */,
				1A12093F2C35D59500FDC9BE /* Info.plist */,
				1AF97DA32C36D02E00C3E55F /* GoogleService-Info.plist */,
			);
			path = AllGoodsApp;
			sourceTree = "<group>";
		};
		1A6FE1912C3B37EA00F6D5B4 /* ReusableComponents */ = {
			isa = PBXGroup;
			children = (
				1A6FE1942C3B380300F6D5B4 /* SharedLogic.swift */,
				1A6FE1BF2C3B52A500F6D5B4 /* CustomTextFieldHandlers.swift */,
			);
			path = ReusableComponents;
			sourceTree = "<group>";
		};
		1A6FE1962C3B3D9B00F6D5B4 /* CustomComponents */ = {
			isa = PBXGroup;
			children = (
				1A6FE1992C3B3DB100F6D5B4 /* CustomButton.swift */,
				1A6FE19B2C3B3DBB00F6D5B4 /* CustomLabel.swift */,
				1A6FE19D2C3B3DC000F6D5B4 /* CustomStack.swift */,
				1A6FE19F2C3B3DC700F6D5B4 /* CustomTextField.swift */,
				1A6FE1C12C3B53C000F6D5B4 /* CustomLoader.swift */,
				1AA582342C3D70090081A410 /* CustomImageView.swift */,
			);
			path = CustomComponents;
			sourceTree = "<group>";
		};
		1A6FE1A12C3B3DCD00F6D5B4 /* Onboarding */ = {
			isa = PBXGroup;
			children = (
				1AF97DAD2C36D1FC00C3E55F /* OnboardingViewController.swift */,
				1AB695FA2C37195300EA6F49 /* FirstOnboardingPageViewController.swift */,
				1AB695FC2C37196000EA6F49 /* SecondOnboardingPageViewController.swift */,
				1AB695FE2C37196C00EA6F49 /* ThirdOnboardingPageViewController.swift */,
			);
			path = Onboarding;
			sourceTree = "<group>";
		};
		1A6FE1F32C3BFB9600F6D5B4 /* Cells */ = {
			isa = PBXGroup;
			children = (
				1A6FE1F42C3BFBAF00F6D5B4 /* CategoryCell.swift */,
				1A6FE1F62C3BFBBD00F6D5B4 /* FeaturedProductCell.swift */,
			);
			path = Cells;
			sourceTree = "<group>";
		};
		1AF97DBC2C36D8AC00C3E55F /* Coordinator */ = {
			isa = PBXGroup;
			children = (
				1AF97DAB2C36D1ED00C3E55F /* AppCoordinator.swift */,
			);
			path = Coordinator;
			sourceTree = "<group>";
		};
		1AF97DBD2C36D8BC00C3E55F /* Model */ = {
			isa = PBXGroup;
			children = (
				1AF97DBE2C36D8C800C3E55F /* UserModel.swift */,
			);
			name = Model;
			path = AllGoodsApp/Model;
			sourceTree = "<group>";
		};
		1AF97DC02C36D8CF00C3E55F /* ViewModel */ = {
			isa = PBXGroup;
			children = (
				1AF97DC12C36D8DA00C3E55F /* AuthViewModel.swift */,
				1A6FE1F12C3BE90300F6D5B4 /* TicTacToeViewModel.swift */,
			);
			name = ViewModel;
			path = AllGoodsApp/ViewModel;
			sourceTree = "<group>";
		};
		1AF97DC32C36D8E000C3E55F /* Views */ = {
			isa = PBXGroup;
			children = (
				1A6FE1962C3B3D9B00F6D5B4 /* CustomComponents */,
				1A6FE1A12C3B3DCD00F6D5B4 /* Onboarding */,
				1AF97DAF2C36D20700C3E55F /* LoginViewController.swift */,
				1AF97DB72C36D30600C3E55F /* RegisterViewController.swift */,
				1AB696002C38768100EA6F49 /* TermsViewController.swift */,
				1AF97DB12C36D21200C3E55F /* MainViewController.swift */,
				1A6FE1EF2C3BE6F700F6D5B4 /* TicTacToeGameView.swift */,
				1AA5822E2C3D5F2E0081A410 /* FavouriteViewController.swift */,
				1AA582302C3D5F440081A410 /* BasketViewController.swift */,
				1AA582322C3D5F590081A410 /* ProfileViewController.swift */,
				1A6FE1F32C3BFB9600F6D5B4 /* Cells */,
			);
			name = Views;
			path = AllGoodsApp/ViewModel/Views;
			sourceTree = "<group>";
		};
/* End PBXGroup section */

/* Begin PBXNativeTarget section */
		1A12092D2C35D59300FDC9BE /* AllGoodsApp */ = {
			isa = PBXNativeTarget;
			buildConfigurationList = 1A1209422C35D59500FDC9BE /* Build configuration list for PBXNativeTarget "AllGoodsApp" */;
			buildPhases = (
				1A12092A2C35D59300FDC9BE /* Sources */,
				1A12092B2C35D59300FDC9BE /* Frameworks */,
				1A12092C2C35D59300FDC9BE /* Resources */,
			);
			buildRules = (
			);
			dependencies = (
			);
			name = AllGoodsApp;
			packageProductDependencies = (
				1AF97DA72C36D11900C3E55F /* FirebaseAnalytics */,
				1AF97DA92C36D12A00C3E55F /* FirebaseAuth */,
				1AF97DB92C36D3EC00C3E55F /* FirebaseAnalyticsSwift */,
			);
			productName = AllGoodsApp;
			productReference = 1A12092E2C35D59300FDC9BE /* AllGoodsApp.app */;
			productType = "com.apple.product-type.application";
		};
/* End PBXNativeTarget section */

/* Begin PBXProject section */
		1A1209262C35D59300FDC9BE /* Project object */ = {
			isa = PBXProject;
			attributes = {
				BuildIndependentTargetsInParallel = 1;
				LastSwiftUpdateCheck = 1540;
				LastUpgradeCheck = 1540;
				TargetAttributes = {
					1A12092D2C35D59300FDC9BE = {
						CreatedOnToolsVersion = 15.4;
					};
				};
			};
			buildConfigurationList = 1A1209292C35D59300FDC9BE /* Build configuration list for PBXProject "AllGoodsApp" */;
			compatibilityVersion = "Xcode 14.0";
			developmentRegion = en;
			hasScannedForEncodings = 0;
			knownRegions = (
				en,
				Base,
			);
			mainGroup = 1A1209252C35D59300FDC9BE;
			packageReferences = (
				1AF97DA52C36D0B100C3E55F /* XCRemoteSwiftPackageReference "firebase-ios-sdk" */,
			);
			productRefGroup = 1A12092F2C35D59300FDC9BE /* Products */;
			projectDirPath = "";
			projectRoot = "";
			targets = (
				1A12092D2C35D59300FDC9BE /* AllGoodsApp */,
			);
		};
/* End PBXProject section */

/* Begin PBXResourcesBuildPhase section */
		1A12092C2C35D59300FDC9BE /* Resources */ = {
			isa = PBXResourcesBuildPhase;
			buildActionMask = 2147483647;
			files = (
				1A12093B2C35D59500FDC9BE /* Assets.xcassets in Resources */,
				1AF97DA42C36D02E00C3E55F /* GoogleService-Info.plist in Resources */,
				1A12093E2C35D59500FDC9BE /* Base in Resources */,
			);
			runOnlyForDeploymentPostprocessing = 0;
		};
/* End PBXResourcesBuildPhase section */

/* Begin PBXSourcesBuildPhase section */
		1A12092A2C35D59300FDC9BE /* Sources */ = {
			isa = PBXSourcesBuildPhase;
			buildActionMask = 2147483647;
			files = (
				1A6FE1F52C3BFBAF00F6D5B4 /* CategoryCell.swift in Sources */,
				1A6FE1C02C3B52A500F6D5B4 /* CustomTextFieldHandlers.swift in Sources */,
				1AA582312C3D5F440081A410 /* BasketViewController.swift in Sources */,
				1A6FE1952C3B380300F6D5B4 /* SharedLogic.swift in Sources */,
				1AF97DB22C36D21200C3E55F /* MainViewController.swift in Sources */,
				1A6FE19E2C3B3DC000F6D5B4 /* CustomStack.swift in Sources */,
				1AA582332C3D5F590081A410 /* ProfileViewController.swift in Sources */,
				1AF97DB82C36D30600C3E55F /* RegisterViewController.swift in Sources */,
				1A6FE19A2C3B3DB100F6D5B4 /* CustomButton.swift in Sources */,
				1AF97DB02C36D20700C3E55F /* LoginViewController.swift in Sources */,
				1AA5822F2C3D5F2E0081A410 /* FavouriteViewController.swift in Sources */,
				1AF97DAC2C36D1ED00C3E55F /* AppCoordinator.swift in Sources */,
				1AF97DAE2C36D1FC00C3E55F /* OnboardingViewController.swift in Sources */,
				1A1209322C35D59300FDC9BE /* AppDelegate.swift in Sources */,
				1AB695FD2C37196000EA6F49 /* SecondOnboardingPageViewController.swift in Sources */,
				1A6FE1C22C3B53C000F6D5B4 /* CustomLoader.swift in Sources */,
				1A6FE1A02C3B3DC700F6D5B4 /* CustomTextField.swift in Sources */,
				1AA582352C3D70090081A410 /* CustomImageView.swift in Sources */,
				1A6FE1F22C3BE90300F6D5B4 /* TicTacToeViewModel.swift in Sources */,
				1A6FE1F02C3BE6F700F6D5B4 /* TicTacToeGameView.swift in Sources */,
				1A6FE19C2C3B3DBB00F6D5B4 /* CustomLabel.swift in Sources */,
				1AB695FB2C37195300EA6F49 /* FirstOnboardingPageViewController.swift in Sources */,
				1AF97DC22C36D8DA00C3E55F /* AuthViewModel.swift in Sources */,
				1AB695FF2C37196C00EA6F49 /* ThirdOnboardingPageViewController.swift in Sources */,
				1AB696012C38768100EA6F49 /* TermsViewController.swift in Sources */,
				1A6FE1F72C3BFBBD00F6D5B4 /* FeaturedProductCell.swift in Sources */,
				1A1209342C35D59300FDC9BE /* SceneDelegate.swift in Sources */,
				1AF97DBF2C36D8C800C3E55F /* UserModel.swift in Sources */,
			);
			runOnlyForDeploymentPostprocessing = 0;
		};
/* End PBXSourcesBuildPhase section */

/* Begin PBXVariantGroup section */
		1A12093C2C35D59500FDC9BE /* LaunchScreen.storyboard */ = {
			isa = PBXVariantGroup;
			children = (
				1A12093D2C35D59500FDC9BE /* Base */,
			);
			name = LaunchScreen.storyboard;
			sourceTree = "<group>";
		};
/* End PBXVariantGroup section */

/* Begin XCBuildConfiguration section */
		1A1209402C35D59500FDC9BE /* Debug */ = {
			isa = XCBuildConfiguration;
			buildSettings = {
				ALWAYS_SEARCH_USER_PATHS = NO;
				ASSETCATALOG_COMPILER_GENERATE_SWIFT_ASSET_SYMBOL_EXTENSIONS = YES;
				CLANG_ANALYZER_NONNULL = YES;
				CLANG_ANALYZER_NUMBER_OBJECT_CONVERSION = YES_AGGRESSIVE;
				CLANG_CXX_LANGUAGE_STANDARD = "gnu++20";
				CLANG_ENABLE_MODULES = YES;
				CLANG_ENABLE_OBJC_ARC = YES;
				CLANG_ENABLE_OBJC_WEAK = YES;
				CLANG_WARN_BLOCK_CAPTURE_AUTORELEASING = YES;
				CLANG_WARN_BOOL_CONVERSION = YES;
				CLANG_WARN_COMMA = YES;
				CLANG_WARN_CONSTANT_CONVERSION = YES;
				CLANG_WARN_DEPRECATED_OBJC_IMPLEMENTATIONS = YES;
				CLANG_WARN_DIRECT_OBJC_ISA_USAGE = YES_ERROR;
				CLANG_WARN_DOCUMENTATION_COMMENTS = YES;
				CLANG_WARN_EMPTY_BODY = YES;
				CLANG_WARN_ENUM_CONVERSION = YES;
				CLANG_WARN_INFINITE_RECURSION = YES;
				CLANG_WARN_INT_CONVERSION = YES;
				CLANG_WARN_NON_LITERAL_NULL_CONVERSION = YES;
				CLANG_WARN_OBJC_IMPLICIT_RETAIN_SELF = YES;
				CLANG_WARN_OBJC_LITERAL_CONVERSION = YES;
				CLANG_WARN_OBJC_ROOT_CLASS = YES_ERROR;
				CLANG_WARN_QUOTED_INCLUDE_IN_FRAMEWORK_HEADER = YES;
				CLANG_WARN_RANGE_LOOP_ANALYSIS = YES;
				CLANG_WARN_STRICT_PROTOTYPES = YES;
				CLANG_WARN_SUSPICIOUS_MOVE = YES;
				CLANG_WARN_UNGUARDED_AVAILABILITY = YES_AGGRESSIVE;
				CLANG_WARN_UNREACHABLE_CODE = YES;
				CLANG_WARN__DUPLICATE_METHOD_MATCH = YES;
				COPY_PHASE_STRIP = NO;
				DEBUG_INFORMATION_FORMAT = dwarf;
				ENABLE_STRICT_OBJC_MSGSEND = YES;
				ENABLE_TESTABILITY = YES;
				ENABLE_USER_SCRIPT_SANDBOXING = YES;
				GCC_C_LANGUAGE_STANDARD = gnu17;
				GCC_DYNAMIC_NO_PIC = NO;
				GCC_NO_COMMON_BLOCKS = YES;
				GCC_OPTIMIZATION_LEVEL = 0;
				GCC_PREPROCESSOR_DEFINITIONS = (
					"DEBUG=1",
					"$(inherited)",
				);
				GCC_WARN_64_TO_32_BIT_CONVERSION = YES;
				GCC_WARN_ABOUT_RETURN_TYPE = YES_ERROR;
				GCC_WARN_UNDECLARED_SELECTOR = YES;
				GCC_WARN_UNINITIALIZED_AUTOS = YES_AGGRESSIVE;
				GCC_WARN_UNUSED_FUNCTION = YES;
				GCC_WARN_UNUSED_VARIABLE = YES;
				IPHONEOS_DEPLOYMENT_TARGET = 17.5;
				LOCALIZATION_PREFERS_STRING_CATALOGS = YES;
				MTL_ENABLE_DEBUG_INFO = INCLUDE_SOURCE;
				MTL_FAST_MATH = YES;
				ONLY_ACTIVE_ARCH = YES;
				SDKROOT = iphoneos;
				SWIFT_ACTIVE_COMPILATION_CONDITIONS = "DEBUG $(inherited)";
				SWIFT_OPTIMIZATION_LEVEL = "-Onone";
			};
			name = Debug;
		};
		1A1209412C35D59500FDC9BE /* Release */ = {
			isa = XCBuildConfiguration;
			buildSettings = {
				ALWAYS_SEARCH_USER_PATHS = NO;
				ASSETCATALOG_COMPILER_GENERATE_SWIFT_ASSET_SYMBOL_EXTENSIONS = YES;
				CLANG_ANALYZER_NONNULL = YES;
				CLANG_ANALYZER_NUMBER_OBJECT_CONVERSION = YES_AGGRESSIVE;
				CLANG_CXX_LANGUAGE_STANDARD = "gnu++20";
				CLANG_ENABLE_MODULES = YES;
				CLANG_ENABLE_OBJC_ARC = YES;
				CLANG_ENABLE_OBJC_WEAK = YES;
				CLANG_WARN_BLOCK_CAPTURE_AUTORELEASING = YES;
				CLANG_WARN_BOOL_CONVERSION = YES;
				CLANG_WARN_COMMA = YES;
				CLANG_WARN_CONSTANT_CONVERSION = YES;
				CLANG_WARN_DEPRECATED_OBJC_IMPLEMENTATIONS = YES;
				CLANG_WARN_DIRECT_OBJC_ISA_USAGE = YES_ERROR;
				CLANG_WARN_DOCUMENTATION_COMMENTS = YES;
				CLANG_WARN_EMPTY_BODY = YES;
				CLANG_WARN_ENUM_CONVERSION = YES;
				CLANG_WARN_INFINITE_RECURSION = YES;
				CLANG_WARN_INT_CONVERSION = YES;
				CLANG_WARN_NON_LITERAL_NULL_CONVERSION = YES;
				CLANG_WARN_OBJC_IMPLICIT_RETAIN_SELF = YES;
				CLANG_WARN_OBJC_LITERAL_CONVERSION = YES;
				CLANG_WARN_OBJC_ROOT_CLASS = YES_ERROR;
				CLANG_WARN_QUOTED_INCLUDE_IN_FRAMEWORK_HEADER = YES;
				CLANG_WARN_RANGE_LOOP_ANALYSIS = YES;
				CLANG_WARN_STRICT_PROTOTYPES = YES;
				CLANG_WARN_SUSPICIOUS_MOVE = YES;
				CLANG_WARN_UNGUARDED_AVAILABILITY = YES_AGGRESSIVE;
				CLANG_WARN_UNREACHABLE_CODE = YES;
				CLANG_WARN__DUPLICATE_METHOD_MATCH = YES;
				COPY_PHASE_STRIP = NO;
				DEBUG_INFORMATION_FORMAT = "dwarf-with-dsym";
				ENABLE_NS_ASSERTIONS = NO;
				ENABLE_STRICT_OBJC_MSGSEND = YES;
				ENABLE_USER_SCRIPT_SANDBOXING = YES;
				GCC_C_LANGUAGE_STANDARD = gnu17;
				GCC_NO_COMMON_BLOCKS = YES;
				GCC_WARN_64_TO_32_BIT_CONVERSION = YES;
				GCC_WARN_ABOUT_RETURN_TYPE = YES_ERROR;
				GCC_WARN_UNDECLARED_SELECTOR = YES;
				GCC_WARN_UNINITIALIZED_AUTOS = YES_AGGRESSIVE;
				GCC_WARN_UNUSED_FUNCTION = YES;
				GCC_WARN_UNUSED_VARIABLE = YES;
				IPHONEOS_DEPLOYMENT_TARGET = 17.5;
				LOCALIZATION_PREFERS_STRING_CATALOGS = YES;
				MTL_ENABLE_DEBUG_INFO = NO;
				MTL_FAST_MATH = YES;
				SDKROOT = iphoneos;
				SWIFT_COMPILATION_MODE = wholemodule;
				VALIDATE_PRODUCT = YES;
			};
			name = Release;
		};
		1A1209432C35D59500FDC9BE /* Debug */ = {
			isa = XCBuildConfiguration;
			buildSettings = {
				ASSETCATALOG_COMPILER_APPICON_NAME = AppIcon;
				ASSETCATALOG_COMPILER_GLOBAL_ACCENT_COLOR_NAME = AccentColor;
				CODE_SIGN_STYLE = Automatic;
				CURRENT_PROJECT_VERSION = 1;
				DEVELOPMENT_TEAM = Q2N9JMQ98Q;
				GENERATE_INFOPLIST_FILE = YES;
				INFOPLIST_FILE = AllGoodsApp/Info.plist;
				INFOPLIST_KEY_UIApplicationSupportsIndirectInputEvents = YES;
				INFOPLIST_KEY_UILaunchStoryboardName = LaunchScreen;
				INFOPLIST_KEY_UISupportedInterfaceOrientations = UIInterfaceOrientationPortrait;
				LD_RUNPATH_SEARCH_PATHS = (
					"$(inherited)",
					"@executable_path/Frameworks",
				);
				MARKETING_VERSION = 1.0;
				PRODUCT_BUNDLE_IDENTIFIER = "-.AllGoodsApp";
				PRODUCT_NAME = "$(TARGET_NAME)";
				SWIFT_EMIT_LOC_STRINGS = YES;
				SWIFT_VERSION = 5.0;
				TARGETED_DEVICE_FAMILY = "1,2";
			};
			name = Debug;
		};
		1A1209442C35D59500FDC9BE /* Release */ = {
			isa = XCBuildConfiguration;
			buildSettings = {
				ASSETCATALOG_COMPILER_APPICON_NAME = AppIcon;
				ASSETCATALOG_COMPILER_GLOBAL_ACCENT_COLOR_NAME = AccentColor;
				CODE_SIGN_STYLE = Automatic;
				CURRENT_PROJECT_VERSION = 1;
				DEVELOPMENT_TEAM = Q2N9JMQ98Q;
				GENERATE_INFOPLIST_FILE = YES;
				INFOPLIST_FILE = AllGoodsApp/Info.plist;
				INFOPLIST_KEY_UIApplicationSupportsIndirectInputEvents = YES;
				INFOPLIST_KEY_UILaunchStoryboardName = LaunchScreen;
				INFOPLIST_KEY_UISupportedInterfaceOrientations = UIInterfaceOrientationPortrait;
				LD_RUNPATH_SEARCH_PATHS = (
					"$(inherited)",
					"@executable_path/Frameworks",
				);
				MARKETING_VERSION = 1.0;
				PRODUCT_BUNDLE_IDENTIFIER = "-.AllGoodsApp";
				PRODUCT_NAME = "$(TARGET_NAME)";
				SWIFT_EMIT_LOC_STRINGS = YES;
				SWIFT_VERSION = 5.0;
				TARGETED_DEVICE_FAMILY = "1,2";
			};
			name = Release;
		};
/* End XCBuildConfiguration section */

/* Begin XCConfigurationList section */
		1A1209292C35D59300FDC9BE /* Build configuration list for PBXProject "AllGoodsApp" */ = {
			isa = XCConfigurationList;
			buildConfigurations = (
				1A1209402C35D59500FDC9BE /* Debug */,
				1A1209412C35D59500FDC9BE /* Release */,
			);
			defaultConfigurationIsVisible = 0;
			defaultConfigurationName = Release;
		};
		1A1209422C35D59500FDC9BE /* Build configuration list for PBXNativeTarget "AllGoodsApp" */ = {
			isa = XCConfigurationList;
			buildConfigurations = (
				1A1209432C35D59500FDC9BE /* Debug */,
				1A1209442C35D59500FDC9BE /* Release */,
			);
			defaultConfigurationIsVisible = 0;
			defaultConfigurationName = Release;
		};
/* End XCConfigurationList section */

/* Begin XCRemoteSwiftPackageReference section */
		1AF97DA52C36D0B100C3E55F /* XCRemoteSwiftPackageReference "firebase-ios-sdk" */ = {
			isa = XCRemoteSwiftPackageReference;
			repositoryURL = "https://github.com/firebase/firebase-ios-sdk";
			requirement = {
				kind = upToNextMajorVersion;
				minimumVersion = 10.28.1;
			};
		};
/* End XCRemoteSwiftPackageReference section */

/* Begin XCSwiftPackageProductDependency section */
		1AF97DA72C36D11900C3E55F /* FirebaseAnalytics */ = {
			isa = XCSwiftPackageProductDependency;
			package = 1AF97DA52C36D0B100C3E55F /* XCRemoteSwiftPackageReference "firebase-ios-sdk" */;
			productName = FirebaseAnalytics;
		};
		1AF97DA92C36D12A00C3E55F /* FirebaseAuth */ = {
			isa = XCSwiftPackageProductDependency;
			package = 1AF97DA52C36D0B100C3E55F /* XCRemoteSwiftPackageReference "firebase-ios-sdk" */;
			productName = FirebaseAuth;
		};
		1AF97DB92C36D3EC00C3E55F /* FirebaseAnalyticsSwift */ = {
			isa = XCSwiftPackageProductDependency;
			package = 1AF97DA52C36D0B100C3E55F /* XCRemoteSwiftPackageReference "firebase-ios-sdk" */;
			productName = FirebaseAnalyticsSwift;
		};
/* End XCSwiftPackageProductDependency section */
	};
	rootObject = 1A1209262C35D59300FDC9BE /* Project object */;
}
